
Microsoft Visual Studio Solution File, Format Version 12.00
# Visual Studio Version 17
VisualStudioVersion = 17.0.32126.317
MinimumVisualStudioVersion = 10.0.40219.1
Project("{9A19103F-16F7-4668-BE54-9A1E7A4F7556}") = "TDFSv4", "TDFSv4.csproj", "{25F2E083-9308-4DB4-AE9C-1DF96D1F0DFD}"
EndProject
Global
	GlobalSection(SolutionConfigurationPlatforms) = preSolution
		Debug|Any CPU = Debug|Any CPU
		Release|Any CPU = Release|Any CPU
	EndGlobalSection
	GlobalSection(ProjectConfigurationPlatforms) = postSolution
		{25F2E083-9308-4DB4-AE9C-1DF96D1F0DFD}.Debug|Any CPU.ActiveCfg = Debug|Any CPU
		{25F2E083-9308-4DB4-AE9C-1DF96D1F0DFD}.Debug|Any CPU.Build.0 = Debug|Any CPU
		{25F2E083-9308-4DB4-AE9C-1DF96D1F0DFD}.Release|Any CPU.ActiveCfg = Release|Any CPU
		{25F2E083-9308-4DB4-AE9C-1DF96D1F0DFD}.Release|Any CPU.Build.0 = Release|Any CPU
	EndGlobalSection
	GlobalSection(SolutionProperties) = preSolution
		HideSolutionNode = FALSE
	EndGlobalSection
	GlobalSection(ExtensibilityGlobals) = postSolution
		SolutionGuid = {15B78FAF-B44C-434E-A7C0-359CE13ADD46}
	EndGlobalSection
EndGlobal
